
Microsoft Visual Studio Solution File, Format Version 12.00
# Visual Studio Version 17
VisualStudioVersion = 17.4.33110.190
MinimumVisualStudioVersion = 10.0.40219.1
Project("{FAE04EC0-301F-11D3-BF4B-00C04F79EFBC}") = "WebAppLearn", "WebAppLearn\WebAppLearn.csproj", "{1776DE3C-60B7-4DEE-851C-F83DA2D262F1}"
EndProject
Global
	GlobalSection(SolutionConfigurationPlatforms) = preSolution
		Debug|Any CPU = Debug|Any CPU
		Release|Any CPU = Release|Any CPU
	EndGlobalSection
	GlobalSection(ProjectConfigurationPlatforms) = postSolution
		{1776DE3C-60B7-4DEE-851C-F83DA2D262F1}.Debug|Any CPU.ActiveCfg = Debug|Any CPU
		{1776DE3C-60B7-4DEE-851C-F83DA2D262F1}.Debug|Any CPU.Build.0 = Debug|Any CPU
		{1776DE3C-60B7-4DEE-851C-F83DA2D262F1}.Release|Any CPU.ActiveCfg = Release|Any CPU
		{1776DE3C-60B7-4DEE-851C-F83DA2D262F1}.Release|Any CPU.Build.0 = Release|Any CPU
	EndGlobalSection
	GlobalSection(SolutionProperties) = preSolution
		HideSolutionNode = FALSE
	EndGlobalSection
	GlobalSection(ExtensibilityGlobals) = postSolution
		SolutionGuid = {828A8F73-3979-4199-A85C-83CB8E3EA7E3}
	EndGlobalSection
EndGlobal
